
Microsoft Visual Studio Solution File, Format Version 12.00
# Visual Studio Version 17
VisualStudioVersion = 17.7.34202.233
MinimumVisualStudioVersion = 10.0.40219.1
Project("{9A19103F-16F7-4668-BE54-9A1E7A4F7556}") = "MatchingAppCore", "KBS project\MatchingAppCore.csproj", "{9836C710-9372-48ED-A0FD-EA8E6CA6FD83}"
EndProject
Project("{9A19103F-16F7-4668-BE54-9A1E7A4F7556}") = "MatchingAppWindow", "MatchingAppWindow\MatchingAppWindow.csproj", "{923013EF-3A26-453B-B517-463A857E0D4F}"
EndProject
Project("{FAE04EC0-301F-11D3-BF4B-00C04F79EFBC}") = "MatchingApp.DataAccess.SQL", "MatchingApp.DataAccess.SQL\MatchingApp.DataAccess.SQL.csproj", "{F8D2ACC9-55EE-463A-B265-F38B4B826E8D}"
EndProject
Project("{FAE04EC0-301F-11D3-BF4B-00C04F79EFBC}") = "MatchingAppConsole", "MatchingAppConsole\MatchingAppConsole.csproj", "{ECF8C082-8C18-44BC-94C4-DCCE49C6DA1C}"
EndProject
Global
	GlobalSection(SolutionConfigurationPlatforms) = preSolution
		Debug|Any CPU = Debug|Any CPU
		Release|Any CPU = Release|Any CPU
	EndGlobalSection
	GlobalSection(ProjectConfigurationPlatforms) = postSolution
		{9836C710-9372-48ED-A0FD-EA8E6CA6FD83}.Debug|Any CPU.ActiveCfg = Debug|Any CPU
		{9836C710-9372-48ED-A0FD-EA8E6CA6FD83}.Debug|Any CPU.Build.0 = Debug|Any CPU
		{9836C710-9372-48ED-A0FD-EA8E6CA6FD83}.Release|Any CPU.ActiveCfg = Release|Any CPU
		{9836C710-9372-48ED-A0FD-EA8E6CA6FD83}.Release|Any CPU.Build.0 = Release|Any CPU
		{923013EF-3A26-453B-B517-463A857E0D4F}.Debug|Any CPU.ActiveCfg = Debug|Any CPU
		{923013EF-3A26-453B-B517-463A857E0D4F}.Debug|Any CPU.Build.0 = Debug|Any CPU
		{923013EF-3A26-453B-B517-463A857E0D4F}.Release|Any CPU.ActiveCfg = Release|Any CPU
		{923013EF-3A26-453B-B517-463A857E0D4F}.Release|Any CPU.Build.0 = Release|Any CPU
		{F8D2ACC9-55EE-463A-B265-F38B4B826E8D}.Debug|Any CPU.ActiveCfg = Debug|Any CPU
		{F8D2ACC9-55EE-463A-B265-F38B4B826E8D}.Debug|Any CPU.Build.0 = Debug|Any CPU
		{F8D2ACC9-55EE-463A-B265-F38B4B826E8D}.Release|Any CPU.ActiveCfg = Release|Any CPU
		{F8D2ACC9-55EE-463A-B265-F38B4B826E8D}.Release|Any CPU.Build.0 = Release|Any CPU
		{ECF8C082-8C18-44BC-94C4-DCCE49C6DA1C}.Debug|Any CPU.ActiveCfg = Debug|Any CPU
		{ECF8C082-8C18-44BC-94C4-DCCE49C6DA1C}.Debug|Any CPU.Build.0 = Debug|Any CPU
		{ECF8C082-8C18-44BC-94C4-DCCE49C6DA1C}.Release|Any CPU.ActiveCfg = Release|Any CPU
		{ECF8C082-8C18-44BC-94C4-DCCE49C6DA1C}.Release|Any CPU.Build.0 = Release|Any CPU
	EndGlobalSection
	GlobalSection(SolutionProperties) = preSolution
		HideSolutionNode = FALSE
	EndGlobalSection
	GlobalSection(ExtensibilityGlobals) = postSolution
		SolutionGuid = {D47A1E27-D6F7-43A6-BE15-70E451F257B9}
	EndGlobalSection
EndGlobal
